
Microsoft Visual Studio Solution File, Format Version 12.00
# Visual Studio Version 16
VisualStudioVersion = 16.0.30204.135
MinimumVisualStudioVersion = 10.0.40219.1
Project("{FAE04EC0-301F-11D3-BF4B-00C04F79EFBC}") = "sample_7_6", "sample_7_6\sample_7_6.csproj", "{9994EE6A-3A81-45DD-9815-9F684269D836}"
EndProject
Global
	GlobalSection(SolutionConfigurationPlatforms) = preSolution
		Debug|Any CPU = Debug|Any CPU
		Release|Any CPU = Release|Any CPU
	EndGlobalSection
	GlobalSection(ProjectConfigurationPlatforms) = postSolution
		{9994EE6A-3A81-45DD-9815-9F684269D836}.Debug|Any CPU.ActiveCfg = Debug|Any CPU
		{9994EE6A-3A81-45DD-9815-9F684269D836}.Debug|Any CPU.Build.0 = Debug|Any CPU
		{9994EE6A-3A81-45DD-9815-9F684269D836}.Release|Any CPU.ActiveCfg = Release|Any CPU
		{9994EE6A-3A81-45DD-9815-9F684269D836}.Release|Any CPU.Build.0 = Release|Any CPU
	EndGlobalSection
	GlobalSection(SolutionProperties) = preSolution
		HideSolutionNode = FALSE
	EndGlobalSection
	GlobalSection(ExtensibilityGlobals) = postSolution
		SolutionGuid = {CE177C22-88C4-477E-AB10-C09DE677283A}
	EndGlobalSection
EndGlobal
